// !$*UTF8*$!
{
	archiveVersion = 1;
	classes = {
	};
	objectVersion = 77;
	objects = {

/* Begin PBXBuildFile section */
		67510D732D4AA49D00A63CEC /* FirebaseAnalytics in Frameworks */ = {isa = PBXBuildFile; productRef = 67510D722D4AA49D00A63CEC /* FirebaseAnalytics */; };
		67510D752D4AA5C900A63CEC /* FirebaseAuth in Frameworks */ = {isa = PBXBuildFile; productRef = 67510D742D4AA5C900A63CEC /* FirebaseAuth */; };
		67510D772D4AA5C900A63CEC /* FirebaseFirestore in Frameworks */ = {isa = PBXBuildFile; productRef = 67510D762D4AA5C900A63CEC /* FirebaseFirestore */; };
		67510D792D4AA5C900A63CEC /* FirebaseStorage in Frameworks */ = {isa = PBXBuildFile; productRef = 67510D782D4AA5C900A63CEC /* FirebaseStorage */; };
/* End PBXBuildFile section */

/* Begin PBXContainerItemProxy section */
		67510D532D4AA03900A63CEC /* PBXContainerItemProxy */ = {
			isa = PBXContainerItemProxy;
			containerPortal = 67510D3A2D4AA03700A63CEC /* Project object */;
			proxyType = 1;
			remoteGlobalIDString = 67510D412D4AA03700A63CEC;
			remoteInfo = "Eunoia-Journal";
		};
		67510D5D2D4AA03900A63CEC /* PBXContainerItemProxy */ = {
			isa = PBXContainerItemProxy;
			containerPortal = 67510D3A2D4AA03700A63CEC /* Project object */;
			proxyType = 1;
			remoteGlobalIDString = 67510D412D4AA03700A63CEC;
			remoteInfo = "Eunoia-Journal";
		};
/* End PBXContainerItemProxy section */

/* Begin PBXFileReference section */
		67510D422D4AA03700A63CEC /* Eunoia-Journal.app */ = {isa = PBXFileReference; explicitFileType = wrapper.application; includeInIndex = 0; path = "Eunoia-Journal.app"; sourceTree = BUILT_PRODUCTS_DIR; };
		67510D522D4AA03900A63CEC /* Eunoia-JournalTests.xctest */ = {isa = PBXFileReference; explicitFileType = wrapper.cfbundle; includeInIndex = 0; path = "Eunoia-JournalTests.xctest"; sourceTree = BUILT_PRODUCTS_DIR; };
		67510D5C2D4AA03900A63CEC /* Eunoia-JournalUITests.xctest */ = {isa = PBXFileReference; explicitFileType = wrapper.cfbundle; includeInIndex = 0; path = "Eunoia-JournalUITests.xctest"; sourceTree = BUILT_PRODUCTS_DIR; };
/* End PBXFileReference section */

/* Begin PBXFileSystemSynchronizedRootGroup section */
		67510D442D4AA03700A63CEC /* Eunoia-Journal */ = {
			isa = PBXFileSystemSynchronizedRootGroup;
			path = "Eunoia-Journal";
			sourceTree = "<group>";
		};
		67510D552D4AA03900A63CEC /* Eunoia-JournalTests */ = {
			isa = PBXFileSystemSynchronizedRootGroup;
			path = "Eunoia-JournalTests";
			sourceTree = "<group>";
		};
		67510D5F2D4AA03900A63CEC /* Eunoia-JournalUITests */ = {
			isa = PBXFileSystemSynchronizedRootGroup;
			path = "Eunoia-JournalUITests";
			sourceTree = "<group>";
		};
/* End PBXFileSystemSynchronizedRootGroup section */

/* Begin PBXFrameworksBuildPhase section */
		67510D3F2D4AA03700A63CEC /* Frameworks */ = {
			isa = PBXFrameworksBuildPhase;
			buildActionMask = 2147483647;
			files = (
				67510D732D4AA49D00A63CEC /* FirebaseAnalytics in Frameworks */,
				67510D792D4AA5C900A63CEC /* FirebaseStorage in Frameworks */,
				67510D752D4AA5C900A63CEC /* FirebaseAuth in Frameworks */,
				67510D772D4AA5C900A63CEC /* FirebaseFirestore in Frameworks */,
			);
			runOnlyForDeploymentPostprocessing = 0;
		};
		67510D4F2D4AA03900A63CEC /* Frameworks */ = {
			isa = PBXFrameworksBuildPhase;
			buildActionMask = 2147483647;
			files = (
			);
			runOnlyForDeploymentPostprocessing = 0;
		};
		67510D592D4AA03900A63CEC /* Frameworks */ = {
			isa = PBXFrameworksBuildPhase;
			buildActionMask = 2147483647;
			files = (
			);
			runOnlyForDeploymentPostprocessing = 0;
		};
/* End PBXFrameworksBuildPhase section */

/* Begin PBXGroup section */
		67510D392D4AA03700A63CEC = {
			isa = PBXGroup;
			children = (
				67510D442D4AA03700A63CEC /* Eunoia-Journal */,
				67510D552D4AA03900A63CEC /* Eunoia-JournalTests */,
				67510D5F2D4AA03900A63CEC /* Eunoia-JournalUITests */,
				67510D432D4AA03700A63CEC /* Products */,
			);
			sourceTree = "<group>";
		};
		67510D432D4AA03700A63CEC /* Products */ = {
			isa = PBXGroup;
			children = (
				67510D422D4AA03700A63CEC /* Eunoia-Journal.app */,
				67510D522D4AA03900A63CEC /* Eunoia-JournalTests.xctest */,
				67510D5C2D4AA03900A63CEC /* Eunoia-JournalUITests.xctest */,
			);
			name = Products;
			sourceTree = "<group>";
		};
/* End PBXGroup section */

/* Begin PBXNativeTarget section */
		67510D412D4AA03700A63CEC /* Eunoia-Journal */ = {
			isa = PBXNativeTarget;
			buildConfigurationList = 67510D662D4AA03900A63CEC /* Build configuration list for PBXNativeTarget "Eunoia-Journal" */;
			buildPhases = (
				67510D3E2D4AA03700A63CEC /* Sources */,
				67510D3F2D4AA03700A63CEC /* Frameworks */,
				67510D402D4AA03700A63CEC /* Resources */,
			);
			buildRules = (
			);
			dependencies = (
			);
			fileSystemSynchronizedGroups = (
				67510D442D4AA03700A63CEC /* Eunoia-Journal */,
			);
			name = "Eunoia-Journal";
			packageProductDependencies = (
				67510D722D4AA49D00A63CEC /* FirebaseAnalytics */,
				67510D742D4AA5C900A63CEC /* FirebaseAuth */,
				67510D762D4AA5C900A63CEC /* FirebaseFirestore */,
				67510D782D4AA5C900A63CEC /* FirebaseStorage */,
			);
			productName = "Eunoia-Journal";
			productReference = 67510D422D4AA03700A63CEC /* Eunoia-Journal.app */;
			productType = "com.apple.product-type.application";
		};
		67510D512D4AA03900A63CEC /* Eunoia-JournalTests */ = {
			isa = PBXNativeTarget;
			buildConfigurationList = 67510D692D4AA03900A63CEC /* Build configuration list for PBXNativeTarget "Eunoia-JournalTests" */;
			buildPhases = (
				67510D4E2D4AA03900A63CEC /* Sources */,
				67510D4F2D4AA03900A63CEC /* Frameworks */,
				67510D502D4AA03900A63CEC /* Resources */,
			);
			buildRules = (
			);
			dependencies = (
				67510D542D4AA03900A63CEC /* PBXTargetDependency */,
			);
			fileSystemSynchronizedGroups = (
				67510D552D4AA03900A63CEC /* Eunoia-JournalTests */,
			);
			name = "Eunoia-JournalTests";
			packageProductDependencies = (
			);
			productName = "Eunoia-JournalTests";
			productReference = 67510D522D4AA03900A63CEC /* Eunoia-JournalTests.xctest */;
			productType = "com.apple.product-type.bundle.unit-test";
		};
		67510D5B2D4AA03900A63CEC /* Eunoia-JournalUITests */ = {
			isa = PBXNativeTarget;
			buildConfigurationList = 67510D6C2D4AA03900A63CEC /* Build configuration list for PBXNativeTarget "Eunoia-JournalUITests" */;
			buildPhases = (
				67510D582D4AA03900A63CEC /* Sources */,
				67510D592D4AA03900A63CEC /* Frameworks */,
				67510D5A2D4AA03900A63CEC /* Resources */,
			);
			buildRules = (
			);
			dependencies = (
				67510D5E2D4AA03900A63CEC /* PBXTargetDependency */,
			);
			fileSystemSynchronizedGroups = (
				67510D5F2D4AA03900A63CEC /* Eunoia-JournalUITests */,
			);
			name = "Eunoia-JournalUITests";
			packageProductDependencies = (
			);
			productName = "Eunoia-JournalUITests";
			productReference = 67510D5C2D4AA03900A63CEC /* Eunoia-JournalUITests.xctest */;
			productType = "com.apple.product-type.bundle.ui-testing";
		};
/* End PBXNativeTarget section */

/* Begin PBXProject section */
		67510D3A2D4AA03700A63CEC /* Project object */ = {
			isa = PBXProject;
			attributes = {
				BuildIndependentTargetsInParallel = 1;
				LastSwiftUpdateCheck = 1610;
				LastUpgradeCheck = 1610;
				TargetAttributes = {
					67510D412D4AA03700A63CEC = {
						CreatedOnToolsVersion = 16.1;
					};
					67510D512D4AA03900A63CEC = {
						CreatedOnToolsVersion = 16.1;
						TestTargetID = 67510D412D4AA03700A63CEC;
					};
					67510D5B2D4AA03900A63CEC = {
						CreatedOnToolsVersion = 16.1;
						TestTargetID = 67510D412D4AA03700A63CEC;
					};
				};
			};
			buildConfigurationList = 67510D3D2D4AA03700A63CEC /* Build configuration list for PBXProject "Eunoia-Journal" */;
			developmentRegion = en;
			hasScannedForEncodings = 0;
			knownRegions = (
				en,
				Base,
			);
			mainGroup = 67510D392D4AA03700A63CEC;
			minimizedProjectReferenceProxies = 1;
			packageReferences = (
				67510D712D4AA49D00A63CEC /* XCRemoteSwiftPackageReference "firebase-ios-sdk" */,
			);
			preferredProjectObjectVersion = 77;
			productRefGroup = 67510D432D4AA03700A63CEC /* Products */;
			projectDirPath = "";
			projectRoot = "";
			targets = (
				67510D412D4AA03700A63CEC /* Eunoia-Journal */,
				67510D512D4AA03900A63CEC /* Eunoia-JournalTests */,
				67510D5B2D4AA03900A63CEC /* Eunoia-JournalUITests */,
			);
		};
/* End PBXProject section */

/* Begin PBXResourcesBuildPhase section */
		67510D402D4AA03700A63CEC /* Resources */ = {
			isa = PBXResourcesBuildPhase;
			buildActionMask = 2147483647;
			files = (
			);
			runOnlyForDeploymentPostprocessing = 0;
		};
		67510D502D4AA03900A63CEC /* Resources */ = {
			isa = PBXResourcesBuildPhase;
			buildActionMask = 2147483647;
			files = (
			);
			runOnlyForDeploymentPostprocessing = 0;
		};
		67510D5A2D4AA03900A63CEC /* Resources */ = {
			isa = PBXResourcesBuildPhase;
			buildActionMask = 2147483647;
			files = (
			);
			runOnlyForDeploymentPostprocessing = 0;
		};
/* End PBXResourcesBuildPhase section */

/* Begin PBXSourcesBuildPhase section */
		67510D3E2D4AA03700A63CEC /* Sources */ = {
			isa = PBXSourcesBuildPhase;
			buildActionMask = 2147483647;
			files = (
			);
			runOnlyForDeploymentPostprocessing = 0;
		};
		67510D4E2D4AA03900A63CEC /* Sources */ = {
			isa = PBXSourcesBuildPhase;
			buildActionMask = 2147483647;
			files = (
			);
			runOnlyForDeploymentPostprocessing = 0;
		};
		67510D582D4AA03900A63CEC /* Sources */ = {
			isa = PBXSourcesBuildPhase;
			buildActionMask = 2147483647;
			files = (
			);
			runOnlyForDeploymentPostprocessing = 0;
		};
/* End PBXSourcesBuildPhase section */

/* Begin PBXTargetDependency section */
		67510D542D4AA03900A63CEC /* PBXTargetDependency */ = {
			isa = PBXTargetDependency;
			target = 67510D412D4AA03700A63CEC /* Eunoia-Journal */;
			targetProxy = 67510D532D4AA03900A63CEC /* PBXContainerItemProxy */;
		};
		67510D5E2D4AA03900A63CEC /* PBXTargetDependency */ = {
			isa = PBXTargetDependency;
			target = 67510D412D4AA03700A63CEC /* Eunoia-Journal */;
			targetProxy = 67510D5D2D4AA03900A63CEC /* PBXContainerItemProxy */;
		};
/* End PBXTargetDependency section */

/* Begin XCBuildConfiguration section */
		67510D642D4AA03900A63CEC /* Debug */ = {
			isa = XCBuildConfiguration;
			buildSettings = {
				ALWAYS_SEARCH_USER_PATHS = NO;
				ASSETCATALOG_COMPILER_GENERATE_SWIFT_ASSET_SYMBOL_EXTENSIONS = YES;
				CLANG_ANALYZER_NONNULL = YES;
				CLANG_ANALYZER_NUMBER_OBJECT_CONVERSION = YES_AGGRESSIVE;
				CLANG_CXX_LANGUAGE_STANDARD = "gnu++20";
				CLANG_ENABLE_MODULES = YES;
				CLANG_ENABLE_OBJC_ARC = YES;
				CLANG_ENABLE_OBJC_WEAK = YES;
				CLANG_WARN_BLOCK_CAPTURE_AUTORELEASING = YES;
				CLANG_WARN_BOOL_CONVERSION = YES;
				CLANG_WARN_COMMA = YES;
				CLANG_WARN_CONSTANT_CONVERSION = YES;
				CLANG_WARN_DEPRECATED_OBJC_IMPLEMENTATIONS = YES;
				CLANG_WARN_DIRECT_OBJC_ISA_USAGE = YES_ERROR;
				CLANG_WARN_DOCUMENTATION_COMMENTS = YES;
				CLANG_WARN_EMPTY_BODY = YES;
				CLANG_WARN_ENUM_CONVERSION = YES;
				CLANG_WARN_INFINITE_RECURSION = YES;
				CLANG_WARN_INT_CONVERSION = YES;
				CLANG_WARN_NON_LITERAL_NULL_CONVERSION = YES;
				CLANG_WARN_OBJC_IMPLICIT_RETAIN_SELF = YES;
				CLANG_WARN_OBJC_LITERAL_CONVERSION = YES;
				CLANG_WARN_OBJC_ROOT_CLASS = YES_ERROR;
				CLANG_WARN_QUOTED_INCLUDE_IN_FRAMEWORK_HEADER = YES;
				CLANG_WARN_RANGE_LOOP_ANALYSIS = YES;
				CLANG_WARN_STRICT_PROTOTYPES = YES;
				CLANG_WARN_SUSPICIOUS_MOVE = YES;
				CLANG_WARN_UNGUARDED_AVAILABILITY = YES_AGGRESSIVE;
				CLANG_WARN_UNREACHABLE_CODE = YES;
				CLANG_WARN__DUPLICATE_METHOD_MATCH = YES;
				COPY_PHASE_STRIP = NO;
				DEBUG_INFORMATION_FORMAT = dwarf;
				ENABLE_STRICT_OBJC_MSGSEND = YES;
				ENABLE_TESTABILITY = YES;
				ENABLE_USER_SCRIPT_SANDBOXING = YES;
				GCC_C_LANGUAGE_STANDARD = gnu17;
				GCC_DYNAMIC_NO_PIC = NO;
				GCC_NO_COMMON_BLOCKS = YES;
				GCC_OPTIMIZATION_LEVEL = 0;
				GCC_PREPROCESSOR_DEFINITIONS = (
					"DEBUG=1",
					"$(inherited)",
				);
				GCC_WARN_64_TO_32_BIT_CONVERSION = YES;
				GCC_WARN_ABOUT_RETURN_TYPE = YES_ERROR;
				GCC_WARN_UNDECLARED_SELECTOR = YES;
				GCC_WARN_UNINITIALIZED_AUTOS = YES_AGGRESSIVE;
				GCC_WARN_UNUSED_FUNCTION = YES;
				GCC_WARN_UNUSED_VARIABLE = YES;
				IPHONEOS_DEPLOYMENT_TARGET = 18.1;
				LOCALIZATION_PREFERS_STRING_CATALOGS = YES;
				MTL_ENABLE_DEBUG_INFO = INCLUDE_SOURCE;
				MTL_FAST_MATH = YES;
				ONLY_ACTIVE_ARCH = YES;
				SDKROOT = iphoneos;
				SWIFT_ACTIVE_COMPILATION_CONDITIONS = "DEBUG $(inherited)";
				SWIFT_OPTIMIZATION_LEVEL = "-Onone";
			};
			name = Debug;
		};
		67510D652D4AA03900A63CEC /* Release */ = {
			isa = XCBuildConfiguration;
			buildSettings = {
				ALWAYS_SEARCH_USER_PATHS = NO;
				ASSETCATALOG_COMPILER_GENERATE_SWIFT_ASSET_SYMBOL_EXTENSIONS = YES;
				CLANG_ANALYZER_NONNULL = YES;
				CLANG_ANALYZER_NUMBER_OBJECT_CONVERSION = YES_AGGRESSIVE;
				CLANG_CXX_LANGUAGE_STANDARD = "gnu++20";
				CLANG_ENABLE_MODULES = YES;
				CLANG_ENABLE_OBJC_ARC = YES;
				CLANG_ENABLE_OBJC_WEAK = YES;
				CLANG_WARN_BLOCK_CAPTURE_AUTORELEASING = YES;
				CLANG_WARN_BOOL_CONVERSION = YES;
				CLANG_WARN_COMMA = YES;
				CLANG_WARN_CONSTANT_CONVERSION = YES;
				CLANG_WARN_DEPRECATED_OBJC_IMPLEMENTATIONS = YES;
				CLANG_WARN_DIRECT_OBJC_ISA_USAGE = YES_ERROR;
				CLANG_WARN_DOCUMENTATION_COMMENTS = YES;
				CLANG_WARN_EMPTY_BODY = YES;
				CLANG_WARN_ENUM_CONVERSION = YES;
				CLANG_WARN_INFINITE_RECURSION = YES;
				CLANG_WARN_INT_CONVERSION = YES;
				CLANG_WARN_NON_LITERAL_NULL_CONVERSION = YES;
				CLANG_WARN_OBJC_IMPLICIT_RETAIN_SELF = YES;
				CLANG_WARN_OBJC_LITERAL_CONVERSION = YES;
				CLANG_WARN_OBJC_ROOT_CLASS = YES_ERROR;
				CLANG_WARN_QUOTED_INCLUDE_IN_FRAMEWORK_HEADER = YES;
				CLANG_WARN_RANGE_LOOP_ANALYSIS = YES;
				CLANG_WARN_STRICT_PROTOTYPES = YES;
				CLANG_WARN_SUSPICIOUS_MOVE = YES;
				CLANG_WARN_UNGUARDED_AVAILABILITY = YES_AGGRESSIVE;
				CLANG_WARN_UNREACHABLE_CODE = YES;
				CLANG_WARN__DUPLICATE_METHOD_MATCH = YES;
				COPY_PHASE_STRIP = NO;
				DEBUG_INFORMATION_FORMAT = "dwarf-with-dsym";
				ENABLE_NS_ASSERTIONS = NO;
				ENABLE_STRICT_OBJC_MSGSEND = YES;
				ENABLE_USER_SCRIPT_SANDBOXING = YES;
				GCC_C_LANGUAGE_STANDARD = gnu17;
				GCC_NO_COMMON_BLOCKS = YES;
				GCC_WARN_64_TO_32_BIT_CONVERSION = YES;
				GCC_WARN_ABOUT_RETURN_TYPE = YES_ERROR;
				GCC_WARN_UNDECLARED_SELECTOR = YES;
				GCC_WARN_UNINITIALIZED_AUTOS = YES_AGGRESSIVE;
				GCC_WARN_UNUSED_FUNCTION = YES;
				GCC_WARN_UNUSED_VARIABLE = YES;
				IPHONEOS_DEPLOYMENT_TARGET = 18.1;
				LOCALIZATION_PREFERS_STRING_CATALOGS = YES;
				MTL_ENABLE_DEBUG_INFO = NO;
				MTL_FAST_MATH = YES;
				SDKROOT = iphoneos;
				SWIFT_COMPILATION_MODE = wholemodule;
				VALIDATE_PRODUCT = YES;
			};
			name = Release;
		};
		67510D672D4AA03900A63CEC /* Debug */ = {
			isa = XCBuildConfiguration;
			buildSettings = {
				ASSETCATALOG_COMPILER_APPICON_NAME = AppIcon;
				ASSETCATALOG_COMPILER_GLOBAL_ACCENT_COLOR_NAME = AccentColor;
				CODE_SIGN_STYLE = Automatic;
				CURRENT_PROJECT_VERSION = 1;
				DEVELOPMENT_ASSET_PATHS = "\"Eunoia-Journal/Preview Content\"";
				DEVELOPMENT_TEAM = M89NA9MTZ8;
				ENABLE_PREVIEWS = YES;
				GENERATE_INFOPLIST_FILE = YES;
				INFOPLIST_KEY_UIApplicationSceneManifest_Generation = YES;
				INFOPLIST_KEY_UIApplicationSupportsIndirectInputEvents = YES;
				INFOPLIST_KEY_UILaunchScreen_Generation = YES;
				INFOPLIST_KEY_UISupportedInterfaceOrientations_iPad = "UIInterfaceOrientationPortrait UIInterfaceOrientationPortraitUpsideDown UIInterfaceOrientationLandscapeLeft UIInterfaceOrientationLandscapeRight";
				INFOPLIST_KEY_UISupportedInterfaceOrientations_iPhone = "UIInterfaceOrientationPortrait UIInterfaceOrientationLandscapeLeft UIInterfaceOrientationLandscapeRight";
				LD_RUNPATH_SEARCH_PATHS = (
					"$(inherited)",
					"@executable_path/Frameworks",
				);
				MARKETING_VERSION = 1.0;
				PRODUCT_BUNDLE_IDENTIFIER = "de.Eunoia-Journal";
				PRODUCT_NAME = "$(TARGET_NAME)";
				SWIFT_EMIT_LOC_STRINGS = YES;
				SWIFT_VERSION = 5.0;
				TARGETED_DEVICE_FAMILY = "1,2";
			};
			name = Debug;
		};
		67510D682D4AA03900A63CEC /* Release */ = {
			isa = XCBuildConfiguration;
			buildSettings = {
				ASSETCATALOG_COMPILER_APPICON_NAME = AppIcon;
				ASSETCATALOG_COMPILER_GLOBAL_ACCENT_COLOR_NAME = AccentColor;
				CODE_SIGN_STYLE = Automatic;
				CURRENT_PROJECT_VERSION = 1;
				DEVELOPMENT_ASSET_PATHS = "\"Eunoia-Journal/Preview Content\"";
				DEVELOPMENT_TEAM = M89NA9MTZ8;
				ENABLE_PREVIEWS = YES;
				GENERATE_INFOPLIST_FILE = YES;
				INFOPLIST_KEY_UIApplicationSceneManifest_Generation = YES;
				INFOPLIST_KEY_UIApplicationSupportsIndirectInputEvents = YES;
				INFOPLIST_KEY_UILaunchScreen_Generation = YES;
				INFOPLIST_KEY_UISupportedInterfaceOrientations_iPad = "UIInterfaceOrientationPortrait UIInterfaceOrientationPortraitUpsideDown UIInterfaceOrientationLandscapeLeft UIInterfaceOrientationLandscapeRight";
				INFOPLIST_KEY_UISupportedInterfaceOrientations_iPhone = "UIInterfaceOrientationPortrait UIInterfaceOrientationLandscapeLeft UIInterfaceOrientationLandscapeRight";
				LD_RUNPATH_SEARCH_PATHS = (
					"$(inherited)",
					"@executable_path/Frameworks",
				);
				MARKETING_VERSION = 1.0;
				PRODUCT_BUNDLE_IDENTIFIER = "de.Eunoia-Journal";
				PRODUCT_NAME = "$(TARGET_NAME)";
				SWIFT_EMIT_LOC_STRINGS = YES;
				SWIFT_VERSION = 5.0;
				TARGETED_DEVICE_FAMILY = "1,2";
			};
			name = Release;
		};
		67510D6A2D4AA03900A63CEC /* Debug */ = {
			isa = XCBuildConfiguration;
			buildSettings = {
				BUNDLE_LOADER = "$(TEST_HOST)";
				CODE_SIGN_STYLE = Automatic;
				CURRENT_PROJECT_VERSION = 1;
				DEVELOPMENT_TEAM = M89NA9MTZ8;
				GENERATE_INFOPLIST_FILE = YES;
				IPHONEOS_DEPLOYMENT_TARGET = 18.1;
				MARKETING_VERSION = 1.0;
				PRODUCT_BUNDLE_IDENTIFIER = "de.Eunoia-JournalTests";
				PRODUCT_NAME = "$(TARGET_NAME)";
				SWIFT_EMIT_LOC_STRINGS = NO;
				SWIFT_VERSION = 5.0;
				TARGETED_DEVICE_FAMILY = "1,2";
				TEST_HOST = "$(BUILT_PRODUCTS_DIR)/Eunoia-Journal.app/$(BUNDLE_EXECUTABLE_FOLDER_PATH)/Eunoia-Journal";
			};
			name = Debug;
		};
		67510D6B2D4AA03900A63CEC /* Release */ = {
			isa = XCBuildConfiguration;
			buildSettings = {
				BUNDLE_LOADER = "$(TEST_HOST)";
				CODE_SIGN_STYLE = Automatic;
				CURRENT_PROJECT_VERSION = 1;
				DEVELOPMENT_TEAM = M89NA9MTZ8;
				GENERATE_INFOPLIST_FILE = YES;
				IPHONEOS_DEPLOYMENT_TARGET = 18.1;
				MARKETING_VERSION = 1.0;
				PRODUCT_BUNDLE_IDENTIFIER = "de.Eunoia-JournalTests";
				PRODUCT_NAME = "$(TARGET_NAME)";
				SWIFT_EMIT_LOC_STRINGS = NO;
				SWIFT_VERSION = 5.0;
				TARGETED_DEVICE_FAMILY = "1,2";
				TEST_HOST = "$(BUILT_PRODUCTS_DIR)/Eunoia-Journal.app/$(BUNDLE_EXECUTABLE_FOLDER_PATH)/Eunoia-Journal";
			};
			name = Release;
		};
		67510D6D2D4AA03900A63CEC /* Debug */ = {
			isa = XCBuildConfiguration;
			buildSettings = {
				CODE_SIGN_STYLE = Automatic;
				CURRENT_PROJECT_VERSION = 1;
				DEVELOPMENT_TEAM = M89NA9MTZ8;
				GENERATE_INFOPLIST_FILE = YES;
				MARKETING_VERSION = 1.0;
				PRODUCT_BUNDLE_IDENTIFIER = "de.Eunoia-JournalUITests";
				PRODUCT_NAME = "$(TARGET_NAME)";
				SWIFT_EMIT_LOC_STRINGS = NO;
				SWIFT_VERSION = 5.0;
				TARGETED_DEVICE_FAMILY = "1,2";
				TEST_TARGET_NAME = "Eunoia-Journal";
			};
			name = Debug;
		};
		67510D6E2D4AA03900A63CEC /* Release */ = {
			isa = XCBuildConfiguration;
			buildSettings = {
				CODE_SIGN_STYLE = Automatic;
				CURRENT_PROJECT_VERSION = 1;
				DEVELOPMENT_TEAM = M89NA9MTZ8;
				GENERATE_INFOPLIST_FILE = YES;
				MARKETING_VERSION = 1.0;
				PRODUCT_BUNDLE_IDENTIFIER = "de.Eunoia-JournalUITests";
				PRODUCT_NAME = "$(TARGET_NAME)";
				SWIFT_EMIT_LOC_STRINGS = NO;
				SWIFT_VERSION = 5.0;
				TARGETED_DEVICE_FAMILY = "1,2";
				TEST_TARGET_NAME = "Eunoia-Journal";
			};
			name = Release;
		};
/* End XCBuildConfiguration section */

/* Begin XCConfigurationList section */
		67510D3D2D4AA03700A63CEC /* Build configuration list for PBXProject "Eunoia-Journal" */ = {
			isa = XCConfigurationList;
			buildConfigurations = (
				67510D642D4AA03900A63CEC /* Debug */,
				67510D652D4AA03900A63CEC /* Release */,
			);
			defaultConfigurationIsVisible = 0;
			defaultConfigurationName = Release;
		};
		67510D662D4AA03900A63CEC /* Build configuration list for PBXNativeTarget "Eunoia-Journal" */ = {
			isa = XCConfigurationList;
			buildConfigurations = (
				67510D672D4AA03900A63CEC /* Debug */,
				67510D682D4AA03900A63CEC /* Release */,
			);
			defaultConfigurationIsVisible = 0;
			defaultConfigurationName = Release;
		};
		67510D692D4AA03900A63CEC /* Build configuration list for PBXNativeTarget "Eunoia-JournalTests" */ = {
			isa = XCConfigurationList;
			buildConfigurations = (
				67510D6A2D4AA03900A63CEC /* Debug */,
				67510D6B2D4AA03900A63CEC /* Release */,
			);
			defaultConfigurationIsVisible = 0;
			defaultConfigurationName = Release;
		};
		67510D6C2D4AA03900A63CEC /* Build configuration list for PBXNativeTarget "Eunoia-JournalUITests" */ = {
			isa = XCConfigurationList;
			buildConfigurations = (
				67510D6D2D4AA03900A63CEC /* Debug */,
				67510D6E2D4AA03900A63CEC /* Release */,
			);
			defaultConfigurationIsVisible = 0;
			defaultConfigurationName = Release;
		};
/* End XCConfigurationList section */

/* Begin XCRemoteSwiftPackageReference section */
		67510D712D4AA49D00A63CEC /* XCRemoteSwiftPackageReference "firebase-ios-sdk" */ = {
			isa = XCRemoteSwiftPackageReference;
			repositoryURL = "https://github.com/firebase/firebase-ios-sdk";
			requirement = {
				kind = upToNextMajorVersion;
				minimumVersion = 11.7.0;
			};
		};
/* End XCRemoteSwiftPackageReference section */

/* Begin XCSwiftPackageProductDependency section */
		67510D722D4AA49D00A63CEC /* FirebaseAnalytics */ = {
			isa = XCSwiftPackageProductDependency;
			package = 67510D712D4AA49D00A63CEC /* XCRemoteSwiftPackageReference "firebase-ios-sdk" */;
			productName = FirebaseAnalytics;
		};
		67510D742D4AA5C900A63CEC /* FirebaseAuth */ = {
			isa = XCSwiftPackageProductDependency;
			package = 67510D712D4AA49D00A63CEC /* XCRemoteSwiftPackageReference "firebase-ios-sdk" */;
			productName = FirebaseAuth;
		};
		67510D762D4AA5C900A63CEC /* FirebaseFirestore */ = {
			isa = XCSwiftPackageProductDependency;
			package = 67510D712D4AA49D00A63CEC /* XCRemoteSwiftPackageReference "firebase-ios-sdk" */;
			productName = FirebaseFirestore;
		};
		67510D782D4AA5C900A63CEC /* FirebaseStorage */ = {
			isa = XCSwiftPackageProductDependency;
			package = 67510D712D4AA49D00A63CEC /* XCRemoteSwiftPackageReference "firebase-ios-sdk" */;
			productName = FirebaseStorage;
		};
/* End XCSwiftPackageProductDependency section */
	};
	rootObject = 67510D3A2D4AA03700A63CEC /* Project object */;
}
